
Microsoft Visual Studio Solution File, Format Version 12.00
# Visual Studio 15
VisualStudioVersion = 15.0.28307.168
MinimumVisualStudioVersion = 10.0.40219.1
Project("{FAE04EC0-301F-11D3-BF4B-00C04F79EFBC}") = "c0732140", "c0732140\c0732140.csproj", "{84C80CF0-E4FE-4F55-AFDD-F46EB0C84308}"
EndProject
Global
	GlobalSection(SolutionConfigurationPlatforms) = preSolution
		Debug|Any CPU = Debug|Any CPU
		Release|Any CPU = Release|Any CPU
	EndGlobalSection
	GlobalSection(ProjectConfigurationPlatforms) = postSolution
		{84C80CF0-E4FE-4F55-AFDD-F46EB0C84308}.Debug|Any CPU.ActiveCfg = Debug|Any CPU
		{84C80CF0-E4FE-4F55-AFDD-F46EB0C84308}.Debug|Any CPU.Build.0 = Debug|Any CPU
		{84C80CF0-E4FE-4F55-AFDD-F46EB0C84308}.Release|Any CPU.ActiveCfg = Release|Any CPU
		{84C80CF0-E4FE-4F55-AFDD-F46EB0C84308}.Release|Any CPU.Build.0 = Release|Any CPU
	EndGlobalSection
	GlobalSection(SolutionProperties) = preSolution
		HideSolutionNode = FALSE
	EndGlobalSection
	GlobalSection(ExtensibilityGlobals) = postSolution
		SolutionGuid = {8613B056-3995-44A2-BD46-F52BC7316E6E}
	EndGlobalSection
EndGlobal
